
Microsoft Visual Studio Solution File, Format Version 12.00
# Visual Studio Version 17
VisualStudioVersion = 17.0.31903.59
MinimumVisualStudioVersion = 10.0.40219.1
Project("{FAE04EC0-301F-11D3-BF4B-00C04F79EFBC}") = "BLL", "BLL\BLL.csproj", "{39442576-1C5F-412C-821C-6B529E48C5E3}"
EndProject
Project("{FAE04EC0-301F-11D3-BF4B-00C04F79EFBC}") = "DAL", "DAL\DAL.csproj", "{70FEAA1F-5962-4815-BFE3-33C3EAC50BF5}"
EndProject
Project("{FAE04EC0-301F-11D3-BF4B-00C04F79EFBC}") = "HospitalDataBase", "HospitalDataBase\HospitalDataBase.csproj", "{D65521AE-D4F8-4FA9-91EE-B9761DC67734}"
EndProject
Project("{FAE04EC0-301F-11D3-BF4B-00C04F79EFBC}") = "PL", "PL\PL.csproj", "{C54997B3-C7C9-4414-9CB3-DBC4B0DAAECF}"
EndProject
Global
	GlobalSection(SolutionConfigurationPlatforms) = preSolution
		Debug|Any CPU = Debug|Any CPU
		Debug|x64 = Debug|x64
		Debug|x86 = Debug|x86
		Release|Any CPU = Release|Any CPU
		Release|x64 = Release|x64
		Release|x86 = Release|x86
	EndGlobalSection
	GlobalSection(ProjectConfigurationPlatforms) = postSolution
		{39442576-1C5F-412C-821C-6B529E48C5E3}.Debug|Any CPU.ActiveCfg = Debug|Any CPU
		{39442576-1C5F-412C-821C-6B529E48C5E3}.Debug|Any CPU.Build.0 = Debug|Any CPU
		{39442576-1C5F-412C-821C-6B529E48C5E3}.Debug|x64.ActiveCfg = Debug|Any CPU
		{39442576-1C5F-412C-821C-6B529E48C5E3}.Debug|x64.Build.0 = Debug|Any CPU
		{39442576-1C5F-412C-821C-6B529E48C5E3}.Debug|x86.ActiveCfg = Debug|Any CPU
		{39442576-1C5F-412C-821C-6B529E48C5E3}.Debug|x86.Build.0 = Debug|Any CPU
		{39442576-1C5F-412C-821C-6B529E48C5E3}.Release|Any CPU.ActiveCfg = Release|Any CPU
		{39442576-1C5F-412C-821C-6B529E48C5E3}.Release|Any CPU.Build.0 = Release|Any CPU
		{39442576-1C5F-412C-821C-6B529E48C5E3}.Release|x64.ActiveCfg = Release|Any CPU
		{39442576-1C5F-412C-821C-6B529E48C5E3}.Release|x64.Build.0 = Release|Any CPU
		{39442576-1C5F-412C-821C-6B529E48C5E3}.Release|x86.ActiveCfg = Release|Any CPU
		{39442576-1C5F-412C-821C-6B529E48C5E3}.Release|x86.Build.0 = Release|Any CPU
		{70FEAA1F-5962-4815-BFE3-33C3EAC50BF5}.Debug|Any CPU.ActiveCfg = Debug|Any CPU
		{70FEAA1F-5962-4815-BFE3-33C3EAC50BF5}.Debug|Any CPU.Build.0 = Debug|Any CPU
		{70FEAA1F-5962-4815-BFE3-33C3EAC50BF5}.Debug|x64.ActiveCfg = Debug|Any CPU
		{70FEAA1F-5962-4815-BFE3-33C3EAC50BF5}.Debug|x64.Build.0 = Debug|Any CPU
		{70FEAA1F-5962-4815-BFE3-33C3EAC50BF5}.Debug|x86.ActiveCfg = Debug|Any CPU
		{70FEAA1F-5962-4815-BFE3-33C3EAC50BF5}.Debug|x86.Build.0 = Debug|Any CPU
		{70FEAA1F-5962-4815-BFE3-33C3EAC50BF5}.Release|Any CPU.ActiveCfg = Release|Any CPU
		{70FEAA1F-5962-4815-BFE3-33C3EAC50BF5}.Release|Any CPU.Build.0 = Release|Any CPU
		{70FEAA1F-5962-4815-BFE3-33C3EAC50BF5}.Release|x64.ActiveCfg = Release|Any CPU
		{70FEAA1F-5962-4815-BFE3-33C3EAC50BF5}.Release|x64.Build.0 = Release|Any CPU
		{70FEAA1F-5962-4815-BFE3-33C3EAC50BF5}.Release|x86.ActiveCfg = Release|Any CPU
		{70FEAA1F-5962-4815-BFE3-33C3EAC50BF5}.Release|x86.Build.0 = Release|Any CPU
		{D65521AE-D4F8-4FA9-91EE-B9761DC67734}.Debug|Any CPU.ActiveCfg = Debug|Any CPU
		{D65521AE-D4F8-4FA9-91EE-B9761DC67734}.Debug|Any CPU.Build.0 = Debug|Any CPU
		{D65521AE-D4F8-4FA9-91EE-B9761DC67734}.Debug|x64.ActiveCfg = Debug|Any CPU
		{D65521AE-D4F8-4FA9-91EE-B9761DC67734}.Debug|x64.Build.0 = Debug|Any CPU
		{D65521AE-D4F8-4FA9-91EE-B9761DC67734}.Debug|x86.ActiveCfg = Debug|Any CPU
		{D65521AE-D4F8-4FA9-91EE-B9761DC67734}.Debug|x86.Build.0 = Debug|Any CPU
		{D65521AE-D4F8-4FA9-91EE-B9761DC67734}.Release|Any CPU.ActiveCfg = Release|Any CPU
		{D65521AE-D4F8-4FA9-91EE-B9761DC67734}.Release|Any CPU.Build.0 = Release|Any CPU
		{D65521AE-D4F8-4FA9-91EE-B9761DC67734}.Release|x64.ActiveCfg = Release|Any CPU
		{D65521AE-D4F8-4FA9-91EE-B9761DC67734}.Release|x64.Build.0 = Release|Any CPU
		{D65521AE-D4F8-4FA9-91EE-B9761DC67734}.Release|x86.ActiveCfg = Release|Any CPU
		{D65521AE-D4F8-4FA9-91EE-B9761DC67734}.Release|x86.Build.0 = Release|Any CPU
		{C54997B3-C7C9-4414-9CB3-DBC4B0DAAECF}.Debug|Any CPU.ActiveCfg = Debug|Any CPU
		{C54997B3-C7C9-4414-9CB3-DBC4B0DAAECF}.Debug|Any CPU.Build.0 = Debug|Any CPU
		{C54997B3-C7C9-4414-9CB3-DBC4B0DAAECF}.Debug|x64.ActiveCfg = Debug|Any CPU
		{C54997B3-C7C9-4414-9CB3-DBC4B0DAAECF}.Debug|x64.Build.0 = Debug|Any CPU
		{C54997B3-C7C9-4414-9CB3-DBC4B0DAAECF}.Debug|x86.ActiveCfg = Debug|Any CPU
		{C54997B3-C7C9-4414-9CB3-DBC4B0DAAECF}.Debug|x86.Build.0 = Debug|Any CPU
		{C54997B3-C7C9-4414-9CB3-DBC4B0DAAECF}.Release|Any CPU.ActiveCfg = Release|Any CPU
		{C54997B3-C7C9-4414-9CB3-DBC4B0DAAECF}.Release|Any CPU.Build.0 = Release|Any CPU
		{C54997B3-C7C9-4414-9CB3-DBC4B0DAAECF}.Release|x64.ActiveCfg = Release|Any CPU
		{C54997B3-C7C9-4414-9CB3-DBC4B0DAAECF}.Release|x64.Build.0 = Release|Any CPU
		{C54997B3-C7C9-4414-9CB3-DBC4B0DAAECF}.Release|x86.ActiveCfg = Release|Any CPU
		{C54997B3-C7C9-4414-9CB3-DBC4B0DAAECF}.Release|x86.Build.0 = Release|Any CPU
	EndGlobalSection
	GlobalSection(SolutionProperties) = preSolution
		HideSolutionNode = FALSE
	EndGlobalSection
EndGlobal
